
Microsoft Visual Studio Solution File, Format Version 12.00
Project("{FAE04EC0-301F-11D3-BF4B-00C04F79EFBC}") = "EASV.CS20s.Fei.Assignment.PetShop.UI", "EASV.CS20s.Fei.Assignment.PetShop.UI\EASV.CS20s.Fei.Assignment.PetShop.UI.csproj", "{3AE9E331-78C0-4C6A-8695-ACD37FF95300}"
EndProject
Project("{FAE04EC0-301F-11D3-BF4B-00C04F79EFBC}") = "EASV.CS20s.Fei.Assignment.PetShop.Infrastracture", "EASV.CS20s.Fei.Assignment.PetShop.Infrastracture\EASV.CS20s.Fei.Assignment.PetShop.Infrastracture.csproj", "{B36FC8DD-2DFF-4E2A-B48A-D54BD1243741}"
EndProject
Project("{FAE04EC0-301F-11D3-BF4B-00C04F79EFBC}") = "EASV.CS20s.Fei.Assignment.PetShop.Core", "EASV.CS20s.Fei.Assignment.PetShop.Core\EASV.CS20s.Fei.Assignment.PetShop.Core.csproj", "{6FA9C955-772A-47B8-8CEE-8ECFBE41992D}"
EndProject
Global
	GlobalSection(SolutionConfigurationPlatforms) = preSolution
		Debug|Any CPU = Debug|Any CPU
		Release|Any CPU = Release|Any CPU
	EndGlobalSection
	GlobalSection(ProjectConfigurationPlatforms) = postSolution
		{3AE9E331-78C0-4C6A-8695-ACD37FF95300}.Debug|Any CPU.ActiveCfg = Debug|Any CPU
		{3AE9E331-78C0-4C6A-8695-ACD37FF95300}.Debug|Any CPU.Build.0 = Debug|Any CPU
		{3AE9E331-78C0-4C6A-8695-ACD37FF95300}.Release|Any CPU.ActiveCfg = Release|Any CPU
		{3AE9E331-78C0-4C6A-8695-ACD37FF95300}.Release|Any CPU.Build.0 = Release|Any CPU
		{B36FC8DD-2DFF-4E2A-B48A-D54BD1243741}.Debug|Any CPU.ActiveCfg = Debug|Any CPU
		{B36FC8DD-2DFF-4E2A-B48A-D54BD1243741}.Debug|Any CPU.Build.0 = Debug|Any CPU
		{B36FC8DD-2DFF-4E2A-B48A-D54BD1243741}.Release|Any CPU.ActiveCfg = Release|Any CPU
		{B36FC8DD-2DFF-4E2A-B48A-D54BD1243741}.Release|Any CPU.Build.0 = Release|Any CPU
		{6FA9C955-772A-47B8-8CEE-8ECFBE41992D}.Debug|Any CPU.ActiveCfg = Debug|Any CPU
		{6FA9C955-772A-47B8-8CEE-8ECFBE41992D}.Debug|Any CPU.Build.0 = Debug|Any CPU
		{6FA9C955-772A-47B8-8CEE-8ECFBE41992D}.Release|Any CPU.ActiveCfg = Release|Any CPU
		{6FA9C955-772A-47B8-8CEE-8ECFBE41992D}.Release|Any CPU.Build.0 = Release|Any CPU
	EndGlobalSection
EndGlobal
